PODS:
  - Hero (1.4.0)
  - Realm/Headers (3.14.2)

DEPENDENCIES:
  - Hero
  - Realm/Headers

SPEC REPOS:
  https://github.com/cocoapods/specs.git:
    - Hero
    - Realm

SPEC CHECKSUMS:
  Hero: bac92350d7201a1a940003e0767c7b52ce7c99a1
  Realm: 179c6706e3a49dbfe112e572fd3c03d3169bea35

PODFILE CHECKSUM: 1746c299dec9ec4063e62ac7954423cab04b29d1

COCOAPODS: 1.6.1
